
Microsoft Visual Studio Solution File, Format Version 12.00
# Visual Studio Version 17
VisualStudioVersion = 17.7.34221.43
MinimumVisualStudioVersion = 10.0.40219.1
Project("{FAE04EC0-301F-11D3-BF4B-00C04F79EFBC}") = "Tarefa3", "Tarefa3\Tarefa3.csproj", "{5DA736CB-6C42-4E6C-B981-D2EF3A7CC399}"
EndProject
Global
	GlobalSection(SolutionConfigurationPlatforms) = preSolution
		Debug|Any CPU = Debug|Any CPU
		Release|Any CPU = Release|Any CPU
	EndGlobalSection
	GlobalSection(ProjectConfigurationPlatforms) = postSolution
		{5DA736CB-6C42-4E6C-B981-D2EF3A7CC399}.Debug|Any CPU.ActiveCfg = Debug|Any CPU
		{5DA736CB-6C42-4E6C-B981-D2EF3A7CC399}.Debug|Any CPU.Build.0 = Debug|Any CPU
		{5DA736CB-6C42-4E6C-B981-D2EF3A7CC399}.Release|Any CPU.ActiveCfg = Release|Any CPU
		{5DA736CB-6C42-4E6C-B981-D2EF3A7CC399}.Release|Any CPU.Build.0 = Release|Any CPU
	EndGlobalSection
	GlobalSection(SolutionProperties) = preSolution
		HideSolutionNode = FALSE
	EndGlobalSection
	GlobalSection(ExtensibilityGlobals) = postSolution
		SolutionGuid = {A9BC95A9-7B7E-430F-BBFC-546462D8ABE1}
	EndGlobalSection
EndGlobal
